
Microsoft Visual Studio Solution File, Format Version 12.00
# Visual Studio Version 17
VisualStudioVersion = 17.9.34714.143
MinimumVisualStudioVersion = 10.0.40219.1
Project("{9A19103F-16F7-4668-BE54-9A1E7A4F7556}") = "DatabaseFramework.CodeGeneration", "src\DatabaseFramework.CodeGeneration\DatabaseFramework.CodeGeneration.csproj", "{E9AD79D2-9576-444D-A15E-3A3E3D1DDEEF}"
EndProject
Project("{9A19103F-16F7-4668-BE54-9A1E7A4F7556}") = "DatabaseFramework.Domain", "src\DatabaseFramework.Domain\DatabaseFramework.Domain.csproj", "{FC712A71-7B19-458E-A30F-77AA607B3933}"
EndProject
Project("{9A19103F-16F7-4668-BE54-9A1E7A4F7556}") = "DatabaseFramework.Domain.Tests", "src\DatabaseFramework.Domain.Tests\DatabaseFramework.Domain.Tests.csproj", "{4C261DE7-21AF-4D93-BF70-810D3C3B3559}"
EndProject
Project("{9A19103F-16F7-4668-BE54-9A1E7A4F7556}") = "DatabaseFramework.TemplateFramework", "src\DatabaseFramework.TemplateFramework\DatabaseFramework.TemplateFramework.csproj", "{9A88E1FF-C3CD-4A24-A87D-C600EC843164}"
EndProject
Project("{9A19103F-16F7-4668-BE54-9A1E7A4F7556}") = "DatabaseFramework.TemplateFramework.Tests", "src\DatabaseFramework.TemplateFramework.Tests\DatabaseFramework.TemplateFramework.Tests.csproj", "{B600A58C-869C-4078-A83C-6C641C99730A}"
EndProject
Global
	GlobalSection(SolutionConfigurationPlatforms) = preSolution
		Debug|Any CPU = Debug|Any CPU
		Release|Any CPU = Release|Any CPU
	EndGlobalSection
	GlobalSection(ProjectConfigurationPlatforms) = postSolution
		{E9AD79D2-9576-444D-A15E-3A3E3D1DDEEF}.Debug|Any CPU.ActiveCfg = Debug|Any CPU
		{E9AD79D2-9576-444D-A15E-3A3E3D1DDEEF}.Debug|Any CPU.Build.0 = Debug|Any CPU
		{E9AD79D2-9576-444D-A15E-3A3E3D1DDEEF}.Release|Any CPU.ActiveCfg = Release|Any CPU
		{E9AD79D2-9576-444D-A15E-3A3E3D1DDEEF}.Release|Any CPU.Build.0 = Release|Any CPU
		{FC712A71-7B19-458E-A30F-77AA607B3933}.Debug|Any CPU.ActiveCfg = Debug|Any CPU
		{FC712A71-7B19-458E-A30F-77AA607B3933}.Debug|Any CPU.Build.0 = Debug|Any CPU
		{FC712A71-7B19-458E-A30F-77AA607B3933}.Release|Any CPU.ActiveCfg = Release|Any CPU
		{FC712A71-7B19-458E-A30F-77AA607B3933}.Release|Any CPU.Build.0 = Release|Any CPU
		{4C261DE7-21AF-4D93-BF70-810D3C3B3559}.Debug|Any CPU.ActiveCfg = Debug|Any CPU
		{4C261DE7-21AF-4D93-BF70-810D3C3B3559}.Debug|Any CPU.Build.0 = Debug|Any CPU
		{4C261DE7-21AF-4D93-BF70-810D3C3B3559}.Release|Any CPU.ActiveCfg = Release|Any CPU
		{4C261DE7-21AF-4D93-BF70-810D3C3B3559}.Release|Any CPU.Build.0 = Release|Any CPU
		{9A88E1FF-C3CD-4A24-A87D-C600EC843164}.Debug|Any CPU.ActiveCfg = Debug|Any CPU
		{9A88E1FF-C3CD-4A24-A87D-C600EC843164}.Debug|Any CPU.Build.0 = Debug|Any CPU
		{9A88E1FF-C3CD-4A24-A87D-C600EC843164}.Release|Any CPU.ActiveCfg = Release|Any CPU
		{9A88E1FF-C3CD-4A24-A87D-C600EC843164}.Release|Any CPU.Build.0 = Release|Any CPU
		{B600A58C-869C-4078-A83C-6C641C99730A}.Debug|Any CPU.ActiveCfg = Debug|Any CPU
		{B600A58C-869C-4078-A83C-6C641C99730A}.Debug|Any CPU.Build.0 = Debug|Any CPU
		{B600A58C-869C-4078-A83C-6C641C99730A}.Release|Any CPU.ActiveCfg = Release|Any CPU
		{B600A58C-869C-4078-A83C-6C641C99730A}.Release|Any CPU.Build.0 = Release|Any CPU
	EndGlobalSection
	GlobalSection(SolutionProperties) = preSolution
		HideSolutionNode = FALSE
	EndGlobalSection
	GlobalSection(ExtensibilityGlobals) = postSolution
		SolutionGuid = {ECB30A8F-3EB1-4B2A-9300-B7179E10BF12}
	EndGlobalSection
EndGlobal
